{
  "lockfileVersion": 1,
  "workspaces": {
    "": {
      "name": "nsdotjs",
      "dependencies": {
        "idb-keyval": "^6.2.2",
      },
      "devDependencies": {
        "@biomejs/biome": "1.9.4",
        "@types/bun": "latest",
        "bun": "^1.1.0",
        "typedoc-material-theme": "^1.4.0",
        "typescript": "^5.8.3",
      },
    },
  },
  "packages": {
    "@biomejs/biome": ["@biomejs/biome@1.9.4", "", { "optionalDependencies": { "@biomejs/cli-darwin-arm64": "1.9.4", "@biomejs/cli-darwin-x64": "1.9.4", "@biomejs/cli-linux-arm64": "1.9.4", "@biomejs/cli-linux-arm64-musl": "1.9.4", "@biomejs/cli-linux-x64": "1.9.4", "@biomejs/cli-linux-x64-musl": "1.9.4", "@biomejs/cli-win32-arm64": "1.9.4", "@biomejs/cli-win32-x64": "1.9.4" }, "bin": { "biome": "bin/biome" } }, "sha512-1rkd7G70+o9KkTn5KLmDYXihGoTaIGO9PIIN2ZB7UJxFrWw04CZHPYiMRjYsaDvVV7hP1dYNRLxSANLaBFGpog=="],

    "@biomejs/cli-darwin-arm64": ["@biomejs/cli-darwin-arm64@1.9.4", "", { "os": "darwin", "cpu": "arm64" }, "sha512-bFBsPWrNvkdKrNCYeAp+xo2HecOGPAy9WyNyB/jKnnedgzl4W4Hb9ZMzYNbf8dMCGmUdSavlYHiR01QaYR58cw=="],

    "@biomejs/cli-darwin-x64": ["@biomejs/cli-darwin-x64@1.9.4", "", { "os": "darwin", "cpu": "x64" }, "sha512-ngYBh/+bEedqkSevPVhLP4QfVPCpb+4BBe2p7Xs32dBgs7rh9nY2AIYUL6BgLw1JVXV8GlpKmb/hNiuIxfPfZg=="],

    "@biomejs/cli-linux-arm64": ["@biomejs/cli-linux-arm64@1.9.4", "", { "os": "linux", "cpu": "arm64" }, "sha512-fJIW0+LYujdjUgJJuwesP4EjIBl/N/TcOX3IvIHJQNsAqvV2CHIogsmA94BPG6jZATS4Hi+xv4SkBBQSt1N4/g=="],

    "@biomejs/cli-linux-arm64-musl": ["@biomejs/cli-linux-arm64-musl@1.9.4", "", { "os": "linux", "cpu": "arm64" }, "sha512-v665Ct9WCRjGa8+kTr0CzApU0+XXtRgwmzIf1SeKSGAv+2scAlW6JR5PMFo6FzqqZ64Po79cKODKf3/AAmECqA=="],

    "@biomejs/cli-linux-x64": ["@biomejs/cli-linux-x64@1.9.4", "", { "os": "linux", "cpu": "x64" }, "sha512-lRCJv/Vi3Vlwmbd6K+oQ0KhLHMAysN8lXoCI7XeHlxaajk06u7G+UsFSO01NAs5iYuWKmVZjmiOzJ0OJmGsMwg=="],

    "@biomejs/cli-linux-x64-musl": ["@biomejs/cli-linux-x64-musl@1.9.4", "", { "os": "linux", "cpu": "x64" }, "sha512-gEhi/jSBhZ2m6wjV530Yy8+fNqG8PAinM3oV7CyO+6c3CEh16Eizm21uHVsyVBEB6RIM8JHIl6AGYCv6Q6Q9Tg=="],

    "@biomejs/cli-win32-arm64": ["@biomejs/cli-win32-arm64@1.9.4", "", { "os": "win32", "cpu": "arm64" }, "sha512-tlbhLk+WXZmgwoIKwHIHEBZUwxml7bRJgk0X2sPyNR3S93cdRq6XulAZRQJ17FYGGzWne0fgrXBKpl7l4M87Hg=="],

    "@biomejs/cli-win32-x64": ["@biomejs/cli-win32-x64@1.9.4", "", { "os": "win32", "cpu": "x64" }, "sha512-8Y5wMhVIPaWe6jw2H+KlEm4wP/f7EW3810ZLmDlrEEy5KvBsb9ECEfu/kMWD484ijfQ8+nIi0giMgu9g1UAuuA=="],

    "@gerrit0/mini-shiki": ["@gerrit0/mini-shiki@3.5.0", "", { "dependencies": { "@shikijs/engine-oniguruma": "^3.5.0", "@shikijs/langs": "^3.5.0", "@shikijs/themes": "^3.5.0", "@shikijs/types": "^3.5.0", "@shikijs/vscode-textmate": "^10.0.2" } }, "sha512-RQ1YHbN0EsRMP62QB61jFxrgpb8VIUE+PhR8CjBarIat6b2UeYHBo2s+IL7Fny6F4FuV4S63ksSNWiImsUKR+A=="],

    "@material/material-color-utilities": ["@material/material-color-utilities@0.3.0", "", {}, "sha512-ztmtTd6xwnuh2/xu+Vb01btgV8SQWYCaK56CkRK8gEkWe5TuDyBcYJ0wgkMRn+2VcE9KUmhvkz+N9GHrqw/C0g=="],

    "@oven/bun-darwin-aarch64": ["@oven/bun-darwin-aarch64@1.2.15", "", { "os": "darwin", "cpu": "arm64" }, "sha512-DE2iO1xF6dTKBqHbRD/g9FxzuhbtVHnbSMV6KvvikYBRvteNJqV7I/FzoDXgbR3rRne3DF+gnCQO8T17tIfErw=="],

    "@oven/bun-darwin-x64": ["@oven/bun-darwin-x64@1.2.15", "", { "os": "darwin", "cpu": "x64" }, "sha512-yRjJ0ELTlpSYCRi9buJDUAZ5TAv8GKT/lJ0Bemmed8RNEtETfLMNUmjQqts2aXRX1M7VIBvUiiHrSFHvhrfZ8A=="],

    "@oven/bun-darwin-x64-baseline": ["@oven/bun-darwin-x64-baseline@1.2.15", "", { "os": "darwin", "cpu": "x64" }, "sha512-is6NrxFkT2WGffPyw0wQQeJ8Jztm115Y/hKsVtXySkF+GqUYEWqK2pzpsEDxhhOELBmxK9uUOkiOvPBZL4A2uQ=="],

    "@oven/bun-linux-aarch64": ["@oven/bun-linux-aarch64@1.2.15", "", { "os": "linux", "cpu": "arm64" }, "sha512-L+TitZk5s60ipBGuPvNJ+oM7d6JC7gejGCmEZcUvdKf3dXG1k0E/Yr1Ox4j75U7VRV7tIRBnkis6BBBCMzdLmA=="],

    "@oven/bun-linux-aarch64-musl": ["@oven/bun-linux-aarch64-musl@1.2.15", "", { "os": "linux", "cpu": "none" }, "sha512-CryplmxMcePF25vYq5C32jAO0qK4hLcGCXRUArPvrfFldixzppCQpKIBp4FvV2wA3fF66enckV0EPvGWofQA5g=="],

    "@oven/bun-linux-x64": ["@oven/bun-linux-x64@1.2.15", "", { "os": "linux", "cpu": "x64" }, "sha512-U5gwBEVH/f+MvjZZyqwY/gIdbAjho9s1g3w7PQoB0cwaGrpY0zEkwHkYvqVriU0FPxN6VjZycBpePd3X6LrX0Q=="],

    "@oven/bun-linux-x64-baseline": ["@oven/bun-linux-x64-baseline@1.2.15", "", { "os": "linux", "cpu": "x64" }, "sha512-RRGDCE3WcFrJUCwe1rPbaNANWR65BgaA2i79R1FFPaPw8mWoUhuYBcokRpeP4usevNtv/vWOfh3p05X3OczOpQ=="],

    "@oven/bun-linux-x64-musl": ["@oven/bun-linux-x64-musl@1.2.15", "", { "os": "linux", "cpu": "x64" }, "sha512-M/fJA7jj+D3FA5PnpXwv43lGjY34xTQaaAV7RvAS7AW20eyGLyqVk3pW8peHG3IBQdWhblYzVNHn872lu3wn5A=="],

    "@oven/bun-linux-x64-musl-baseline": ["@oven/bun-linux-x64-musl-baseline@1.2.15", "", { "os": "linux", "cpu": "x64" }, "sha512-Z53su6s5d5l75dnkiytBwJxWCTB5/LpXH3GWGtrCn8hR5QzstNzdt1b7J//WGGaVmRdcdr5RKk+hw9NRVrCjeA=="],

    "@oven/bun-windows-x64": ["@oven/bun-windows-x64@1.2.15", "", { "os": "win32", "cpu": "x64" }, "sha512-Ya4pTRtbuuoXHNKRCONuIqHk9fMME7LUWDNbig/jV08IF3fn3epMOqg716Ik2DTiYOX5Q+9O82+mz8hEFE9StA=="],

    "@oven/bun-windows-x64-baseline": ["@oven/bun-windows-x64-baseline@1.2.15", "", { "os": "win32", "cpu": "x64" }, "sha512-4Bgf6Xh+bh0n1YYJLRZdZuQXBLGDJDFASpyP3nP72D5/gm71kmlujuM6gPPmbyjxu7FOmP2x5gGEfQ6ydk68CA=="],

    "@shikijs/engine-oniguruma": ["@shikijs/engine-oniguruma@3.6.0", "", { "dependencies": { "@shikijs/types": "3.6.0", "@shikijs/vscode-textmate": "^10.0.2" } }, "sha512-nmOhIZ9yT3Grd+2plmW/d8+vZ2pcQmo/UnVwXMUXAKTXdi+LK0S08Ancrz5tQQPkxvjBalpMW2aKvwXfelauvA=="],

    "@shikijs/langs": ["@shikijs/langs@3.6.0", "", { "dependencies": { "@shikijs/types": "3.6.0" } }, "sha512-IdZkQJaLBu1LCYCwkr30hNuSDfllOT8RWYVZK1tD2J03DkiagYKRxj/pDSl8Didml3xxuyzUjgtioInwEQM/TA=="],

    "@shikijs/themes": ["@shikijs/themes@3.6.0", "", { "dependencies": { "@shikijs/types": "3.6.0" } }, "sha512-Fq2j4nWr1DF4drvmhqKq8x5vVQ27VncF8XZMBuHuQMZvUSS3NBgpqfwz/FoGe36+W6PvniZ1yDlg2d4kmYDU6w=="],

    "@shikijs/types": ["@shikijs/types@3.6.0", "", { "dependencies": { "@shikijs/vscode-textmate": "^10.0.2", "@types/hast": "^3.0.4" } }, "sha512-cLWFiToxYu0aAzJqhXTQsFiJRTFDAGl93IrMSBNaGSzs7ixkLfdG6pH11HipuWFGW5vyx4X47W8HDQ7eSrmBUg=="],

    "@shikijs/vscode-textmate": ["@shikijs/vscode-textmate@10.0.2", "", {}, "sha512-83yeghZ2xxin3Nj8z1NMd/NCuca+gsYXswywDy5bHvwlWL8tpTQmzGeUuHd9FC3E/SBEMvzJRwWEOz5gGes9Qg=="],

    "@types/bun": ["@types/bun@1.2.15", "", { "dependencies": { "bun-types": "1.2.15" } }, "sha512-U1ljPdBEphF0nw1MIk0hI7kPg7dFdPyM7EenHsp6W5loNHl7zqy6JQf/RKCgnUn2KDzUpkBwHPnEJEjII594bA=="],

    "@types/hast": ["@types/hast@3.0.4", "", { "dependencies": { "@types/unist": "*" } }, "sha512-WPs+bbQw5aCj+x6laNGWLH3wviHtoCv/P3+otBhbOhJgG8qtpdAMlTCxLtsTWA7LH1Oh/bFCHsBn0TPS5m30EQ=="],

    "@types/node": ["@types/node@22.15.30", "", { "dependencies": { "undici-types": "~6.21.0" } }, "sha512-6Q7lr06bEHdlfplU6YRbgG1SFBdlsfNC4/lX+SkhiTs0cpJkOElmWls8PxDFv4yY/xKb8Y6SO0OmSX4wgqTZbA=="],

    "@types/unist": ["@types/unist@3.0.3", "", {}, "sha512-ko/gIFJRv177XgZsZcBwnqJN5x/Gien8qNOn0D5bQU/zAzVf9Zt3BlcUiLqhV9y4ARk0GbT3tnUiPNgnTXzc/Q=="],

    "argparse": ["argparse@2.0.1", "", {}, "sha512-8+9WqebbFzpX9OR+Wa6O29asIogeRMzcGtAINdpMHHyAg10f05aSFVBbcEqGf/PXw1EjAZ+q2/bEBg3DvurK3Q=="],

    "balanced-match": ["balanced-match@1.0.2", "", {}, "sha512-3oSeUO0TMV67hN1AmbXsK4yaqU7tjiHlbxRDZOpH0KW9+CeX4bRAaX0Anxt0tx2MrpRpWwQaPwIlISEJhYU5Pw=="],

    "brace-expansion": ["brace-expansion@2.0.1", "", { "dependencies": { "balanced-match": "^1.0.0" } }, "sha512-XnAIvQ8eM+kC6aULx6wuQiwVsnzsi9d3WxzV3FpWTGA19F621kwdbsAcFKXgKUHZWsy+mY6iL1sHTxWEFCytDA=="],

    "bun": ["bun@1.2.15", "", { "optionalDependencies": { "@oven/bun-darwin-aarch64": "1.2.15", "@oven/bun-darwin-x64": "1.2.15", "@oven/bun-darwin-x64-baseline": "1.2.15", "@oven/bun-linux-aarch64": "1.2.15", "@oven/bun-linux-aarch64-musl": "1.2.15", "@oven/bun-linux-x64": "1.2.15", "@oven/bun-linux-x64-baseline": "1.2.15", "@oven/bun-linux-x64-musl": "1.2.15", "@oven/bun-linux-x64-musl-baseline": "1.2.15", "@oven/bun-windows-x64": "1.2.15", "@oven/bun-windows-x64-baseline": "1.2.15" }, "os": [ "linux", "win32", "darwin", ], "cpu": [ "x64", "arm64", ], "bin": { "bun": "bin/bun.exe", "bunx": "bin/bun.exe" } }, "sha512-9Nryct8QYQRE/W3/FjW2i4eLdVKme7JPY8R9DNLSGjKdSX8uMgZ2mogs+H5d88Ng0bYeSLpUkBhRelbNi8MwYA=="],

    "bun-types": ["bun-types@1.2.15", "", { "dependencies": { "@types/node": "*" } }, "sha512-NarRIaS+iOaQU1JPfyKhZm4AsUOrwUOqRNHY0XxI8GI8jYxiLXLcdjYMG9UKS+fwWasc1uw1htV9AX24dD+p4w=="],

    "entities": ["entities@4.5.0", "", {}, "sha512-V0hjH4dGPh9Ao5p0MoRY6BVqtwCjhz6vI5LT8AJ55H+4g9/4vbHx1I54fS0XuclLhDHArPQCiMjDxjaL8fPxhw=="],

    "idb-keyval": ["idb-keyval@6.2.2", "", {}, "sha512-yjD9nARJ/jb1g+CvD0tlhUHOrJ9Sy0P8T9MF3YaLlHnSRpwPfpTX0XIvpmw3gAJUmEu3FiICLBDPXVwyEvrleg=="],

    "linkify-it": ["linkify-it@5.0.0", "", { "dependencies": { "uc.micro": "^2.0.0" } }, "sha512-5aHCbzQRADcdP+ATqnDuhhJ/MRIqDkZX5pyjFHRRysS8vZ5AbqGEoFIb6pYHPZ+L/OC2Lc+xT8uHVVR5CAK/wQ=="],

    "lunr": ["lunr@2.3.9", "", {}, "sha512-zTU3DaZaF3Rt9rhN3uBMGQD3dD2/vFQqnvZCDv4dl5iOzq2IZQqTxu90r4E5J+nP70J3ilqVCrbho2eWaeW8Ow=="],

    "markdown-it": ["markdown-it@14.1.0", "", { "dependencies": { "argparse": "^2.0.1", "entities": "^4.4.0", "linkify-it": "^5.0.0", "mdurl": "^2.0.0", "punycode.js": "^2.3.1", "uc.micro": "^2.1.0" }, "bin": { "markdown-it": "bin/markdown-it.mjs" } }, "sha512-a54IwgWPaeBCAAsv13YgmALOF1elABB08FxO9i+r4VFk5Vl4pKokRPeX8u5TCgSsPi6ec1otfLjdOpVcgbpshg=="],

    "mdurl": ["mdurl@2.0.0", "", {}, "sha512-Lf+9+2r+Tdp5wXDXC4PcIBjTDtq4UKjCPMQhKIuzpJNW0b96kVqSwW0bT7FhRSfmAiFYgP+SCRvdrDozfh0U5w=="],

    "minimatch": ["minimatch@9.0.5", "", { "dependencies": { "brace-expansion": "^2.0.1" } }, "sha512-G6T0ZX48xgozx7587koeX9Ys2NYy6Gmv//P89sEte9V9whIapMNF4idKxnW2QtCcLiTWlb/wfCabAtAFWhhBow=="],

    "punycode.js": ["punycode.js@2.3.1", "", {}, "sha512-uxFIHU0YlHYhDQtV4R9J6a52SLx28BCjT+4ieh7IGbgwVJWO+km431c4yRlREUAsAmt/uMjQUyQHNEPf0M39CA=="],

    "typedoc": ["typedoc@0.28.5", "", { "dependencies": { "@gerrit0/mini-shiki": "^3.2.2", "lunr": "^2.3.9", "markdown-it": "^14.1.0", "minimatch": "^9.0.5", "yaml": "^2.7.1" }, "peerDependencies": { "typescript": "5.0.x || 5.1.x || 5.2.x || 5.3.x || 5.4.x || 5.5.x || 5.6.x || 5.7.x || 5.8.x" }, "bin": { "typedoc": "bin/typedoc" } }, "sha512-5PzUddaA9FbaarUzIsEc4wNXCiO4Ot3bJNeMF2qKpYlTmM9TTaSHQ7162w756ERCkXER/+o2purRG6YOAv6EMA=="],

    "typedoc-material-theme": ["typedoc-material-theme@1.4.0", "", { "dependencies": { "@material/material-color-utilities": "^0.3.0" }, "peerDependencies": { "typedoc": "^0.25.13 || ^0.26.x || ^0.27.x || ^0.28.x" } }, "sha512-TBoBpX/4zWO6l74/wBLivXHC2rIiD70KXMliYrw1KhcqdybyxkVBLP5z8KiJuNV8aQIeS+rK2QG6GSucQHJQDQ=="],

    "typescript": ["typescript@5.8.3", "", { "bin": { "tsc": "bin/tsc", "tsserver": "bin/tsserver" } }, "sha512-p1diW6TqL9L07nNxvRMM7hMMw4c5XOo/1ibL4aAIGmSAt9slTE1Xgw5KWuof2uTOvCg9BY7ZRi+GaF+7sfgPeQ=="],

    "uc.micro": ["uc.micro@2.1.0", "", {}, "sha512-ARDJmphmdvUk6Glw7y9DQ2bFkKBHwQHLi2lsaH6PPmz/Ka9sFOBsBluozhDltWmnv9u/cF6Rt87znRTPV+yp/A=="],

    "undici-types": ["undici-types@6.21.0", "", {}, "sha512-iwDZqg0QAGrg9Rav5H4n0M64c3mkR59cJ6wQp+7C4nI0gsmExaedaYLNO44eT4AtBBwjbTiGPMlt2Md0T9H9JQ=="],

    "yaml": ["yaml@2.8.0", "", { "bin": { "yaml": "bin.mjs" } }, "sha512-4lLa/EcQCB0cJkyts+FpIRx5G/llPxfP6VQU5KByHEhLxY3IJCH0f0Hy1MHI8sClTvsIb8qwRJ6R/ZdlDJ/leQ=="],
  }
}
